PODS:
  - CoreTesting (0.1.0):
    - LayoutTest/Swift (~> 6.0.1)
    - SnapshotTesting (~> 1.7.2)
  - LayoutTest/Swift (6.0.1):
    - LayoutTest/SwiftSubspec
  - LayoutTest/SwiftSubspec (6.0.1):
    - LayoutTest/TestCase
    - LayoutTestBase/Swift (= 6.0.1)
  - LayoutTest/TestCase (6.0.1):
    - LayoutTestBase/Autolayout (= 6.0.1)
    - LayoutTestBase/Catalog (= 6.0.1)
    - LayoutTestBase/Config (= 6.0.1)
    - LayoutTestBase/Core (= 6.0.1)
    - LayoutTestBase/UIViewHelpers (= 6.0.1)
  - LayoutTestBase/Autolayout (6.0.1)
  - LayoutTestBase/Catalog (6.0.1):
    - LayoutTestBase/Core
  - LayoutTestBase/Config (6.0.1)
  - LayoutTestBase/Core (6.0.1):
    - LayoutTestBase/Config
  - LayoutTestBase/Swift (6.0.1):
    - LayoutTestBase/Autolayout
    - LayoutTestBase/Catalog
    - LayoutTestBase/Config
    - LayoutTestBase/Core
    - LayoutTestBase/UIViewHelpers
  - LayoutTestBase/UIViewHelpers (6.0.1):
    - LayoutTestBase/Config
  - SnapshotTesting (1.7.2)

DEPENDENCIES:
  - CoreTesting (from `../`)
  - LayoutTest/Swift (~> 6.0.1)
  - SnapshotTesting (~> 1.7.2)

SPEC REPOS:
  trunk:
    - LayoutTest
    - LayoutTestBase
    - SnapshotTesting

EXTERNAL SOURCES:
  CoreTesting:
    :path: "../"

SPEC CHECKSUMS:
  CoreTesting: 65ce5d56155862b58b099f9a62380c688000dcc5
  LayoutTest: f05ff965f6a090fd00f289d0f52fa12b502388fa
  LayoutTestBase: e087799bca531a58f5e8070cde036fb6185a76fa
  SnapshotTesting: 8caa6661fea7c8019d5b46de77c16bab99c36c5c

PODFILE CHECKSUM: d1d723392455321b6802e17a24b8c4c50f71be57

COCOAPODS: 1.9.1
