PODS:
  - CoreTesting (0.1.6):
    - LayoutTest/Swift (~> 6.0.1)
    - SnapshotTesting (~> 1.7.2)
  - LayoutTest/Swift (6.0.1):
    - LayoutTest/SwiftSubspec
  - LayoutTest/SwiftSubspec (6.0.1):
    - LayoutTest/TestCase
    - LayoutTestBase/Swift (= 6.0.1)
  - LayoutTest/TestCase (6.0.1):
    - LayoutTestBase/Autolayout (= 6.0.1)
    - LayoutTestBase/Catalog (= 6.0.1)
    - LayoutTestBase/Config (= 6.0.1)
    - LayoutTestBase/Core (= 6.0.1)
    - LayoutTestBase/UIViewHelpers (= 6.0.1)
  - LayoutTestBase/Autolayout (6.0.1)
  - LayoutTestBase/Catalog (6.0.1):
    - LayoutTestBase/Core
  - LayoutTestBase/Config (6.0.1)
  - LayoutTestBase/Core (6.0.1):
    - LayoutTestBase/Config
  - LayoutTestBase/Swift (6.0.1):
    - LayoutTestBase/Autolayout
    - LayoutTestBase/Catalog
    - LayoutTestBase/Config
    - LayoutTestBase/Core
    - LayoutTestBase/UIViewHelpers
  - LayoutTestBase/UIViewHelpers (6.0.1):
    - LayoutTestBase/Config
  - SnapKit (5.0.1)
  - SnapshotTesting (1.7.2)

DEPENDENCIES:
  - CoreTesting (from `../`)
  - LayoutTest/Swift (~> 6.0.1)
  - SnapKit
  - SnapshotTesting (~> 1.7.2)

SPEC REPOS:
  trunk:
    - LayoutTest
    - LayoutTestBase
    - SnapKit
    - SnapshotTesting

EXTERNAL SOURCES:
  CoreTesting:
    :path: "../"

SPEC CHECKSUMS:
  CoreTesting: 6b6dfb1e9e6233b30240950111700336aa8c3db1
  LayoutTest: f05ff965f6a090fd00f289d0f52fa12b502388fa
  LayoutTestBase: e087799bca531a58f5e8070cde036fb6185a76fa
  SnapKit: 97b92857e3df3a0c71833cce143274bf6ef8e5eb
  SnapshotTesting: 8caa6661fea7c8019d5b46de77c16bab99c36c5c

PODFILE CHECKSUM: 11799ad2b00779a916104e4c0ca3bda271b889ed

COCOAPODS: 1.9.1
